
Microsoft Visual Studio Solution File, Format Version 12.00
# Visual Studio Version 16
VisualStudioVersion = 16.0.35229.62
MinimumVisualStudioVersion = 10.0.40219.1
Project("{FAE04EC0-301F-11D3-BF4B-00C04F79EFBC}") = "Multibanco", "Multibanco\Multibanco.csproj", "{7A938001-7633-462A-815A-AD62B86D20A5}"
EndProject
Global
	GlobalSection(SolutionConfigurationPlatforms) = preSolution
		Debug|Any CPU = Debug|Any CPU
		Release|Any CPU = Release|Any CPU
	EndGlobalSection
	GlobalSection(ProjectConfigurationPlatforms) = postSolution
		{7A938001-7633-462A-815A-AD62B86D20A5}.Debug|Any CPU.ActiveCfg = Debug|Any CPU
		{7A938001-7633-462A-815A-AD62B86D20A5}.Debug|Any CPU.Build.0 = Debug|Any CPU
		{7A938001-7633-462A-815A-AD62B86D20A5}.Release|Any CPU.ActiveCfg = Release|Any CPU
		{7A938001-7633-462A-815A-AD62B86D20A5}.Release|Any CPU.Build.0 = Release|Any CPU
	EndGlobalSection
	GlobalSection(SolutionProperties) = preSolution
		HideSolutionNode = FALSE
	EndGlobalSection
	GlobalSection(ExtensibilityGlobals) = postSolution
		SolutionGuid = {3EE3BA75-D0B0-4C58-99AF-9944A02A2C9C}
	EndGlobalSection
EndGlobal
